
Microsoft Visual Studio Solution File, Format Version 12.00
# Visual Studio Version 17
VisualStudioVersion = 17.10.35027.167
MinimumVisualStudioVersion = 10.0.40219.1
Project("{FAE04EC0-301F-11D3-BF4B-00C04F79EFBC}") = "TimerTriggerTask", "TimerTriggerTask\TimerTriggerTask.csproj", "{03E725F3-ADC8-4682-BF22-7C0F181289DC}"
EndProject
Global
	GlobalSection(SolutionConfigurationPlatforms) = preSolution
		Debug|Any CPU = Debug|Any CPU
		Release|Any CPU = Release|Any CPU
	EndGlobalSection
	GlobalSection(ProjectConfigurationPlatforms) = postSolution
		{03E725F3-ADC8-4682-BF22-7C0F181289DC}.Debug|Any CPU.ActiveCfg = Debug|Any CPU
		{03E725F3-ADC8-4682-BF22-7C0F181289DC}.Debug|Any CPU.Build.0 = Debug|Any CPU
		{03E725F3-ADC8-4682-BF22-7C0F181289DC}.Release|Any CPU.ActiveCfg = Release|Any CPU
		{03E725F3-ADC8-4682-BF22-7C0F181289DC}.Release|Any CPU.Build.0 = Release|Any CPU
	EndGlobalSection
	GlobalSection(SolutionProperties) = preSolution
		HideSolutionNode = FALSE
	EndGlobalSection
	GlobalSection(ExtensibilityGlobals) = postSolution
		SolutionGuid = {92E4261B-D916-424D-9F85-EFA6CD3BFA76}
	EndGlobalSection
EndGlobal
